
Microsoft Visual Studio Solution File, Format Version 12.00
# Visual Studio Version 16
VisualStudioVersion = 16.0.30717.126
MinimumVisualStudioVersion = 10.0.40219.1
Project("{9A19103F-16F7-4668-BE54-9A1E7A4F7556}") = "CoreDemo", "CoreDemo\CoreDemo.csproj", "{A279D4E0-E393-4EAC-BB03-6CCA4D40F1D0}"
EndProject
Project("{9A19103F-16F7-4668-BE54-9A1E7A4F7556}") = "EntityLayer", "EntityLayer\EntityLayer.csproj", "{3641F002-F67F-4337-8B65-3DC943626293}"
EndProject
Project("{9A19103F-16F7-4668-BE54-9A1E7A4F7556}") = "DataAccessLayer", "DataAccessLayer\DataAccessLayer.csproj", "{7E25B41B-3F72-4D5C-B7FE-AB767456B9F2}"
EndProject
Project("{9A19103F-16F7-4668-BE54-9A1E7A4F7556}") = "BusinessLayer", "BusinessLayer\BusinessLayer.csproj", "{3E50D98D-D2F3-4AD7-ADFB-593D88955444}"
EndProject
Project("{9A19103F-16F7-4668-BE54-9A1E7A4F7556}") = "CoreLayer", "CoreLayer\CoreLayer.csproj", "{2FAE9A9C-2F7A-4D04-930F-C43E18AB3252}"
EndProject
Project("{9A19103F-16F7-4668-BE54-9A1E7A4F7556}") = "BlogAPIDemo", "BlogAPIDemo\BlogAPIDemo.csproj", "{56F2CEE6-31AF-4733-A9B4-B5964FCBED97}"
EndProject
Project("{FAE04EC0-301F-11D3-BF4B-00C04F79EFBC}") = "jwt_core_proje_kampi", "jwt_core_proje_kampi\jwt_core_proje_kampi.csproj", "{AB0EEB3B-D88E-4331-B79C-E3151818F5C1}"
EndProject
Global
	GlobalSection(SolutionConfigurationPlatforms) = preSolution
		Debug|Any CPU = Debug|Any CPU
		Release|Any CPU = Release|Any CPU
	EndGlobalSection
	GlobalSection(ProjectConfigurationPlatforms) = postSolution
		{A279D4E0-E393-4EAC-BB03-6CCA4D40F1D0}.Debug|Any CPU.ActiveCfg = Debug|Any CPU
		{A279D4E0-E393-4EAC-BB03-6CCA4D40F1D0}.Debug|Any CPU.Build.0 = Debug|Any CPU
		{A279D4E0-E393-4EAC-BB03-6CCA4D40F1D0}.Release|Any CPU.ActiveCfg = Release|Any CPU
		{A279D4E0-E393-4EAC-BB03-6CCA4D40F1D0}.Release|Any CPU.Build.0 = Release|Any CPU
		{3641F002-F67F-4337-8B65-3DC943626293}.Debug|Any CPU.ActiveCfg = Debug|Any CPU
		{3641F002-F67F-4337-8B65-3DC943626293}.Debug|Any CPU.Build.0 = Debug|Any CPU
		{3641F002-F67F-4337-8B65-3DC943626293}.Release|Any CPU.ActiveCfg = Release|Any CPU
		{3641F002-F67F-4337-8B65-3DC943626293}.Release|Any CPU.Build.0 = Release|Any CPU
		{7E25B41B-3F72-4D5C-B7FE-AB767456B9F2}.Debug|Any CPU.ActiveCfg = Debug|Any CPU
		{7E25B41B-3F72-4D5C-B7FE-AB767456B9F2}.Debug|Any CPU.Build.0 = Debug|Any CPU
		{7E25B41B-3F72-4D5C-B7FE-AB767456B9F2}.Release|Any CPU.ActiveCfg = Release|Any CPU
		{7E25B41B-3F72-4D5C-B7FE-AB767456B9F2}.Release|Any CPU.Build.0 = Release|Any CPU
		{3E50D98D-D2F3-4AD7-ADFB-593D88955444}.Debug|Any CPU.ActiveCfg = Debug|Any CPU
		{3E50D98D-D2F3-4AD7-ADFB-593D88955444}.Debug|Any CPU.Build.0 = Debug|Any CPU
		{3E50D98D-D2F3-4AD7-ADFB-593D88955444}.Release|Any CPU.ActiveCfg = Release|Any CPU
		{3E50D98D-D2F3-4AD7-ADFB-593D88955444}.Release|Any CPU.Build.0 = Release|Any CPU
		{2FAE9A9C-2F7A-4D04-930F-C43E18AB3252}.Debug|Any CPU.ActiveCfg = Debug|Any CPU
		{2FAE9A9C-2F7A-4D04-930F-C43E18AB3252}.Debug|Any CPU.Build.0 = Debug|Any CPU
		{2FAE9A9C-2F7A-4D04-930F-C43E18AB3252}.Release|Any CPU.ActiveCfg = Release|Any CPU
		{2FAE9A9C-2F7A-4D04-930F-C43E18AB3252}.Release|Any CPU.Build.0 = Release|Any CPU
		{56F2CEE6-31AF-4733-A9B4-B5964FCBED97}.Debug|Any CPU.ActiveCfg = Debug|Any CPU
		{56F2CEE6-31AF-4733-A9B4-B5964FCBED97}.Debug|Any CPU.Build.0 = Debug|Any CPU
		{56F2CEE6-31AF-4733-A9B4-B5964FCBED97}.Release|Any CPU.ActiveCfg = Release|Any CPU
		{56F2CEE6-31AF-4733-A9B4-B5964FCBED97}.Release|Any CPU.Build.0 = Release|Any CPU
		{AB0EEB3B-D88E-4331-B79C-E3151818F5C1}.Debug|Any CPU.ActiveCfg = Debug|Any CPU
		{AB0EEB3B-D88E-4331-B79C-E3151818F5C1}.Debug|Any CPU.Build.0 = Debug|Any CPU
		{AB0EEB3B-D88E-4331-B79C-E3151818F5C1}.Release|Any CPU.ActiveCfg = Release|Any CPU
		{AB0EEB3B-D88E-4331-B79C-E3151818F5C1}.Release|Any CPU.Build.0 = Release|Any CPU
	EndGlobalSection
	GlobalSection(SolutionProperties) = preSolution
		HideSolutionNode = FALSE
	EndGlobalSection
	GlobalSection(ExtensibilityGlobals) = postSolution
		SolutionGuid = {DE6F9357-DAAD-4FFC-BDD6-EF79FB727E44}
	EndGlobalSection
EndGlobal
